
Microsoft Visual Studio Solution File, Format Version 12.00
# Visual Studio Version 16
VisualStudioVersion = 16.0.31424.327
MinimumVisualStudioVersion = 10.0.40219.1
Project("{8BC9CEB8-8B4A-11D0-8D11-00A0C91BC942}") = "Lab_8.2", "Lab_8.2\Lab_8.2.vcxproj", "{63B09E5F-683D-4021-9296-47AD0CB7248E}"
EndProject
Project("{8BC9CEB8-8B4A-11D0-8D11-00A0C91BC942}") = "UnitTest1", "UnitTest1\UnitTest1.vcxproj", "{4BBAB19F-929A-4939-94ED-80A9C127FF76}"
EndProject
Global
	GlobalSection(SolutionConfigurationPlatforms) = preSolution
		Debug|x64 = Debug|x64
		Debug|x86 = Debug|x86
		Release|x64 = Release|x64
		Release|x86 = Release|x86
	EndGlobalSection
	GlobalSection(ProjectConfigurationPlatforms) = postSolution
		{63B09E5F-683D-4021-9296-47AD0CB7248E}.Debug|x64.ActiveCfg = Debug|x64
		{63B09E5F-683D-4021-9296-47AD0CB7248E}.Debug|x64.Build.0 = Debug|x64
		{63B09E5F-683D-4021-9296-47AD0CB7248E}.Debug|x86.ActiveCfg = Debug|Win32
		{63B09E5F-683D-4021-9296-47AD0CB7248E}.Debug|x86.Build.0 = Debug|Win32
		{63B09E5F-683D-4021-9296-47AD0CB7248E}.Release|x64.ActiveCfg = Release|x64
		{63B09E5F-683D-4021-9296-47AD0CB7248E}.Release|x64.Build.0 = Release|x64
		{63B09E5F-683D-4021-9296-47AD0CB7248E}.Release|x86.ActiveCfg = Release|Win32
		{63B09E5F-683D-4021-9296-47AD0CB7248E}.Release|x86.Build.0 = Release|Win32
		{4BBAB19F-929A-4939-94ED-80A9C127FF76}.Debug|x64.ActiveCfg = Debug|x64
		{4BBAB19F-929A-4939-94ED-80A9C127FF76}.Debug|x64.Build.0 = Debug|x64
		{4BBAB19F-929A-4939-94ED-80A9C127FF76}.Debug|x86.ActiveCfg = Debug|Win32
		{4BBAB19F-929A-4939-94ED-80A9C127FF76}.Debug|x86.Build.0 = Debug|Win32
		{4BBAB19F-929A-4939-94ED-80A9C127FF76}.Release|x64.ActiveCfg = Release|x64
		{4BBAB19F-929A-4939-94ED-80A9C127FF76}.Release|x64.Build.0 = Release|x64
		{4BBAB19F-929A-4939-94ED-80A9C127FF76}.Release|x86.ActiveCfg = Release|Win32
		{4BBAB19F-929A-4939-94ED-80A9C127FF76}.Release|x86.Build.0 = Release|Win32
	EndGlobalSection
	GlobalSection(SolutionProperties) = preSolution
		HideSolutionNode = FALSE
	EndGlobalSection
	GlobalSection(ExtensibilityGlobals) = postSolution
		SolutionGuid = {16151AB0-0922-4EC0-81FF-F2EF5ECF6F45}
	EndGlobalSection
EndGlobal
